// !$*UTF8*$!
{
	archiveVersion = 1;
	classes = {
	};
	objectVersion = 46;
	objects = {

/* Begin PBXBuildFile section */
		7F669C66192181C100E649BB /* Foundation.framework in Frameworks */ = {isa = PBXBuildFile; fileRef = 7F669C65192181C000E649BB /* Foundation.framework */; };
		7F669C68192181C100E649BB /* CoreGraphics.framework in Frameworks */ = {isa = PBXBuildFile; fileRef = 7F669C67192181C100E649BB /* CoreGraphics.framework */; };
		7F669C6A192181C100E649BB /* UIKit.framework in Frameworks */ = {isa = PBXBuildFile; fileRef = 7F669C69192181C100E649BB /* UIKit.framework */; };
		7F669C70192181C100E649BB /* InfoPlist.strings in Resources */ = {isa = PBXBuildFile; fileRef = 7F669C6E192181C100E649BB /* InfoPlist.strings */; };
		7F669C72192181C100E649BB /* main.m in Sources */ = {isa = PBXBuildFile; fileRef = 7F669C71192181C100E649BB /* main.m */; };
		7F669C76192181C100E649BB /* TableAppDelegate.m in Sources */ = {isa = PBXBuildFile; fileRef = 7F669C75192181C100E649BB /* TableAppDelegate.m */; };
		7F669C79192181C100E649BB /* Main.storyboard in Resources */ = {isa = PBXBuildFile; fileRef = 7F669C77192181C100E649BB /* Main.storyboard */; };
		7F669C7C192181C100E649BB /* TableMasterViewController.m in Sources */ = {isa = PBXBuildFile; fileRef = 7F669C7B192181C100E649BB /* TableMasterViewController.m */; };
		7F669C7F192181C100E649BB /* TableDetailViewController.m in Sources */ = {isa = PBXBuildFile; fileRef = 7F669C7E192181C100E649BB /* TableDetailViewController.m */; };
		7F669C81192181C100E649BB /* Images.xcassets in Resources */ = {isa = PBXBuildFile; fileRef = 7F669C80192181C100E649BB /* Images.xcassets */; };
		7F669C88192181C100E649BB /* XCTest.framework in Frameworks */ = {isa = PBXBuildFile; fileRef = 7F669C87192181C100E649BB /* XCTest.framework */; };
		7F669C89192181C100E649BB /* Foundation.framework in Frameworks */ = {isa = PBXBuildFile; fileRef = 7F669C65192181C000E649BB /* Foundation.framework */; };
		7F669C8A192181C100E649BB /* UIKit.framework in Frameworks */ = {isa = PBXBuildFile; fileRef = 7F669C69192181C100E649BB /* UIKit.framework */; };
		7F669C92192181C100E649BB /* InfoPlist.strings in Resources */ = {isa = PBXBuildFile; fileRef = 7F669C90192181C100E649BB /* InfoPlist.strings */; };
		7F669C94192181C100E649BB /* mithuTests.m in Sources */ = {isa = PBXBuildFile; fileRef = 7F669C93192181C100E649BB /* mithuTests.m */; };
/* End PBXBuildFile section */

/* Begin PBXContainerItemProxy section */
		7F669C8B192181C100E649BB /* PBXContainerItemProxy */ = {
			isa = PBXContainerItemProxy;
			containerPortal = 7F669C5A192181C000E649BB /* Project object */;
			proxyType = 1;
			remoteGlobalIDString = 7F669C61192181C000E649BB;
			remoteInfo = mithu;
		};
/* End PBXContainerItemProxy section */

/* Begin PBXFileReference section */
		7F669C62192181C000E649BB /* mithu.app */ = {isa = PBXFileReference; explicitFileType = wrapper.application; includeInIndex = 0; path = mithu.app; sourceTree = BUILT_PRODUCTS_DIR; };
		7F669C65192181C000E649BB /* Foundation.framework */ = {isa = PBXFileReference; lastKnownFileType = wrapper.framework; name = Foundation.framework; path = System/Library/Frameworks/Foundation.framework; sourceTree = SDKROOT; };
		7F669C67192181C100E649BB /* CoreGraphics.framework */ = {isa = PBXFileReference; lastKnownFileType = wrapper.framework; name = CoreGraphics.framework; path = System/Library/Frameworks/CoreGraphics.framework; sourceTree = SDKROOT; };
		7F669C69192181C100E649BB /* UIKit.framework */ = {isa = PBXFileReference; lastKnownFileType = wrapper.framework; name = UIKit.framework; path = System/Library/Frameworks/UIKit.framework; sourceTree = SDKROOT; };
		7F669C6D192181C100E649BB /* mithu-Info.plist */ = {isa = PBXFileReference; lastKnownFileType = text.plist.xml; path = "mithu-Info.plist"; sourceTree = "<group>"; };
		7F669C6F192181C100E649BB /* en */ = {isa = PBXFileReference; lastKnownFileType = text.plist.strings; name = en; path = en.lproj/InfoPlist.strings; sourceTree = "<group>"; };
		7F669C71192181C100E649BB /* main.m */ = {isa = PBXFileReference; lastKnownFileType = sourcecode.c.objc; path = main.m; sourceTree = "<group>"; };
		7F669C73192181C100E649BB /* mithu-Prefix.pch */ = {isa = PBXFileReference; lastKnownFileType = sourcecode.c.h; path = "mithu-Prefix.pch"; sourceTree = "<group>"; };
		7F669C74192181C100E649BB /* TableAppDelegate.h */ = {isa = PBXFileReference; lastKnownFileType = sourcecode.c.h; path = TableAppDelegate.h; sourceTree = "<group>"; };
		7F669C75192181C100E649BB /* TableAppDelegate.m */ = {isa = PBXFileReference; lastKnownFileType = sourcecode.c.objc; path = TableAppDelegate.m; sourceTree = "<group>"; };
		7F669C78192181C100E649BB /* Base */ = {isa = PBXFileReference; lastKnownFileType = file.storyboard; name = Base; path = Base.lproj/Main.storyboard; sourceTree = "<group>"; };
		7F669C7A192181C100E649BB /* TableMasterViewController.h */ = {isa = PBXFileReference; lastKnownFileType = sourcecode.c.h; path = TableMasterViewController.h; sourceTree = "<group>"; };
		7F669C7B192181C100E649BB /* TableMasterViewController.m */ = {isa = PBXFileReference; lastKnownFileType = sourcecode.c.objc; path = TableMasterViewController.m; sourceTree = "<group>"; };
		7F669C7D192181C100E649BB /* TableDetailViewController.h */ = {isa = PBXFileReference; lastKnownFileType = sourcecode.c.h; path = TableDetailViewController.h; sourceTree = "<group>"; };
		7F669C7E192181C100E649BB /* TableDetailViewController.m */ = {isa = PBXFileReference; lastKnownFileType = sourcecode.c.objc; path = TableDetailViewController.m; sourceTree = "<group>"; };
		7F669C80192181C100E649BB /* Images.xcassets */ = {isa = PBXFileReference; lastKnownFileType = folder.assetcatalog; path = Images.xcassets; sourceTree = "<group>"; };
		7F669C86192181C100E649BB /* mithuTests.xctest */ = {isa = PBXFileReference; explicitFileType = wrapper.cfbundle; includeInIndex = 0; path = mithuTests.xctest; sourceTree = BUILT_PRODUCTS_DIR; };
		7F669C87192181C100E649BB /* XCTest.framework */ = {isa = PBXFileReference; lastKnownFileType = wrapper.framework; name = XCTest.framework; path = Library/Frameworks/XCTest.framework; sourceTree = DEVELOPER_DIR; };
		7F669C8F192181C100E649BB /* mithuTests-Info.plist */ = {isa = PBXFileReference; lastKnownFileType = text.plist.xml; path = "mithuTests-Info.plist"; sourceTree = "<group>"; };
		7F669C91192181C100E649BB /* en */ = {isa = PBXFileReference; lastKnownFileType = text.plist.strings; name = en; path = en.lproj/InfoPlist.strings; sourceTree = "<group>"; };
		7F669C93192181C100E649BB /* mithuTests.m */ = {isa = PBXFileReference; lastKnownFileType = sourcecode.c.objc; path = mithuTests.m; sourceTree = "<group>"; };
/* End PBXFileReference section */

/* Begin PBXFrameworksBuildPhase section */
		7F669C5F192181C000E649BB /* Frameworks */ = {
			isa = PBXFrameworksBuildPhase;
			buildActionMask = 2147483647;
			files = (
				7F669C68192181C100E649BB /* CoreGraphics.framework in Frameworks */,
				7F669C6A192181C100E649BB /* UIKit.framework in Frameworks */,
				7F669C66192181C100E649BB /* Foundation.framework in Frameworks */,
			);
			runOnlyForDeploymentPostprocessing = 0;
		};
		7F669C83192181C100E649BB /* Frameworks */ = {
			isa = PBXFrameworksBuildPhase;
			buildActionMask = 2147483647;
			files = (
				7F669C88192181C100E649BB /* XCTest.framework in Frameworks */,
				7F669C8A192181C100E649BB /* UIKit.framework in Frameworks */,
				7F669C89192181C100E649BB /* Foundation.framework in Frameworks */,
			);
			runOnlyForDeploymentPostprocessing = 0;
		};
/* End PBXFrameworksBuildPhase section */

/* Begin PBXGroup section */
		7F669C59192181C000E649BB = {
			isa = PBXGroup;
			children = (
				7F669C6B192181C100E649BB /* mithu */,
				7F669C8D192181C100E649BB /* mithuTests */,
				7F669C64192181C000E649BB /* Frameworks */,
				7F669C63192181C000E649BB /* Products */,
			);
			sourceTree = "<group>";
		};
		7F669C63192181C000E649BB /* Products */ = {
			isa = PBXGroup;
			children = (
				7F669C62192181C000E649BB /* mithu.app */,
				7F669C86192181C100E649BB /* mithuTests.xctest */,
			);
			name = Products;
			sourceTree = "<group>";
		};
		7F669C64192181C000E649BB /* Frameworks */ = {
			isa = PBXGroup;
			children = (
				7F669C65192181C000E649BB /* Foundation.framework */,
				7F669C67192181C100E649BB /* CoreGraphics.framework */,
				7F669C69192181C100E649BB /* UIKit.framework */,
				7F669C87192181C100E649BB /* XCTest.framework */,
			);
			name = Frameworks;
			sourceTree = "<group>";
		};
		7F669C6B192181C100E649BB /* mithu */ = {
			isa = PBXGroup;
			children = (
				7F669C74192181C100E649BB /* TableAppDelegate.h */,
				7F669C75192181C100E649BB /* TableAppDelegate.m */,
				7F669C77192181C100E649BB /* Main.storyboard */,
				7F669C7A192181C100E649BB /* TableMasterViewController.h */,
				7F669C7B192181C100E649BB /* TableMasterViewController.m */,
				7F669C7D192181C100E649BB /* TableDetailViewController.h */,
				7F669C7E192181C100E649BB /* TableDetailViewController.m */,
				7F669C80192181C100E649BB /* Images.xcassets */,
				7F669C6C192181C100E649BB /* Supporting Files */,
			);
			path = mithu;
			sourceTree = "<group>";
		};
		7F669C6C192181C100E649BB /* Supporting Files */ = {
			isa = PBXGroup;
			children = (
				7F669C6D192181C100E649BB /* mithu-Info.plist */,
				7F669C6E192181C100E649BB /* InfoPlist.strings */,
				7F669C71192181C100E649BB /* main.m */,
				7F669C73192181C100E649BB /* mithu-Prefix.pch */,
			);
			name = "Supporting Files";
			sourceTree = "<group>";
		};
		7F669C8D192181C100E649BB /* mithuTests */ = {
			isa = PBXGroup;
			children = (
				7F669C93192181C100E649BB /* mithuTests.m */,
				7F669C8E192181C100E649BB /* Supporting Files */,
			);
			path = mithuTests;
			sourceTree = "<group>";
		};
		7F669C8E192181C100E649BB /* Supporting Files */ = {
			isa = PBXGroup;
			children = (
				7F669C8F192181C100E649BB /* mithuTests-Info.plist */,
				7F669C90192181C100E649BB /* InfoPlist.strings */,
			);
			name = "Supporting Files";
			sourceTree = "<group>";
		};
/* End PBXGroup section */

/* Begin PBXNativeTarget section */
		7F669C61192181C000E649BB /* mithu */ = {
			isa = PBXNativeTarget;
			buildConfigurationList = 7F669C97192181C100E649BB /* Build configuration list for PBXNativeTarget "mithu" */;
			buildPhases = (
				7F669C5E192181C000E649BB /* Sources */,
				7F669C5F192181C000E649BB /* Frameworks */,
				7F669C60192181C000E649BB /* Resources */,
			);
			buildRules = (
			);
			dependencies = (
			);
			name = mithu;
			productName = mithu;
			productReference = 7F669C62192181C000E649BB /* mithu.app */;
			productType = "com.apple.product-type.application";
		};
		7F669C85192181C100E649BB /* mithuTests */ = {
			isa = PBXNativeTarget;
			buildConfigurationList = 7F669C9A192181C100E649BB /* Build configuration list for PBXNativeTarget "mithuTests" */;
			buildPhases = (
				7F669C82192181C100E649BB /* Sources */,
				7F669C83192181C100E649BB /* Frameworks */,
				7F669C84192181C100E649BB /* Resources */,
			);
			buildRules = (
			);
			dependencies = (
				7F669C8C192181C100E649BB /* PBXTargetDependency */,
			);
			name = mithuTests;
			productName = mithuTests;
			productReference = 7F669C86192181C100E649BB /* mithuTests.xctest */;
			productType = "com.apple.product-type.bundle.unit-test";
		};
/* End PBXNativeTarget section */

/* Begin PBXProject section */
		7F669C5A192181C000E649BB /* Project object */ = {
			isa = PBXProject;
			attributes = {
				CLASSPREFIX = Table;
				LastUpgradeCheck = 0510;
				ORGANIZATIONNAME = 1;
				TargetAttributes = {
					7F669C85192181C100E649BB = {
						TestTargetID = 7F669C61192181C000E649BB;
					};
				};
			};
			buildConfigurationList = 7F669C5D192181C000E649BB /* Build configuration list for PBXProject "mithu" */;
			compatibilityVersion = "Xcode 3.2";
			developmentRegion = English;
			hasScannedForEncodings = 0;
			knownRegions = (
				en,
				Base,
			);
			mainGroup = 7F669C59192181C000E649BB;
			productRefGroup = 7F669C63192181C000E649BB /* Products */;
			projectDirPath = "";
			projectRoot = "";
			targets = (
				7F669C61192181C000E649BB /* mithu */,
				7F669C85192181C100E649BB /* mithuTests */,
			);
		};
/* End PBXProject section */

/* Begin PBXResourcesBuildPhase section */
		7F669C60192181C000E649BB /* Resources */ = {
			isa = PBXResourcesBuildPhase;
			buildActionMask = 2147483647;
			files = (
				7F669C81192181C100E649BB /* Images.xcassets in Resources */,
				7F669C70192181C100E649BB /* InfoPlist.strings in Resources */,
				7F669C79192181C100E649BB /* Main.storyboard in Resources */,
			);
			runOnlyForDeploymentPostprocessing = 0;
		};
		7F669C84192181C100E649BB /* Resources */ = {
			isa = PBXResourcesBuildPhase;
			buildActionMask = 2147483647;
			files = (
				7F669C92192181C100E649BB /* InfoPlist.strings in Resources */,
			);
			runOnlyForDeploymentPostprocessing = 0;
		};
/* End PBXResourcesBuildPhase section */

/* Begin PBXSourcesBuildPhase section */
		7F669C5E192181C000E649BB /* Sources */ = {
			isa = PBXSourcesBuildPhase;
			buildActionMask = 2147483647;
			files = (
				7F669C7F192181C100E649BB /* TableDetailViewController.m in Sources */,
				7F669C7C192181C100E649BB /* TableMasterViewController.m in Sources */,
				7F669C72192181C100E649BB /* main.m in Sources */,
				7F669C76192181C100E649BB /* TableAppDelegate.m in Sources */,
			);
			runOnlyForDeploymentPostprocessing = 0;
		};
		7F669C82192181C100E649BB /* Sources */ = {
			isa = PBXSourcesBuildPhase;
			buildActionMask = 2147483647;
			files = (
				7F669C94192181C100E649BB /* mithuTests.m in Sources */,
			);
			runOnlyForDeploymentPostprocessing = 0;
		};
/* End PBXSourcesBuildPhase section */

/* Begin PBXTargetDependency section */
		7F669C8C192181C100E649BB /* PBXTargetDependency */ = {
			isa = PBXTargetDependency;
			target = 7F669C61192181C000E649BB /* mithu */;
			targetProxy = 7F669C8B192181C100E649BB /* PBXContainerItemProxy */;
		};
/* End PBXTargetDependency section */

/* Begin PBXVariantGroup section */
		7F669C6E192181C100E649BB /* InfoPlist.strings */ = {
			isa = PBXVariantGroup;
			children = (
				7F669C6F192181C100E649BB /* en */,
			);
			name = InfoPlist.strings;
			sourceTree = "<group>";
		};
		7F669C77192181C100E649BB /* Main.storyboard */ = {
			isa = PBXVariantGroup;
			children = (
				7F669C78192181C100E649BB /* Base */,
			);
			name = Main.storyboard;
			sourceTree = "<group>";
		};
		7F669C90192181C100E649BB /* InfoPlist.strings */ = {
			isa = PBXVariantGroup;
			children = (
				7F669C91192181C100E649BB /* en */,
			);
			name = InfoPlist.strings;
			sourceTree = "<group>";
		};
/* End PBXVariantGroup section */

/* Begin XCBuildConfiguration section */
		7F669C95192181C100E649BB /* Debug */ = {
			isa = XCBuildConfiguration;
			buildSettings = {
				ALWAYS_SEARCH_USER_PATHS = NO;
				CLANG_CXX_LANGUAGE_STANDARD = "gnu++0x";
				CLANG_CXX_LIBRARY = "libc++";
				CLANG_ENABLE_MODULES = YES;
				CLANG_ENABLE_OBJC_ARC = YES;
				CLANG_WARN_BOOL_CONVERSION = YES;
				CLANG_WARN_CONSTANT_CONVERSION = YES;
				CLANG_WARN_DIRECT_OBJC_ISA_USAGE = YES_ERROR;
				CLANG_WARN_EMPTY_BODY = YES;
				CLANG_WARN_ENUM_CONVERSION = YES;
				CLANG_WARN_INT_CONVERSION = YES;
				CLANG_WARN_OBJC_ROOT_CLASS = YES_ERROR;
				CLANG_WARN__DUPLICATE_METHOD_MATCH = YES;
				"CODE_SIGN_IDENTITY[sdk=iphoneos*]" = "iPhone Developer";
				COPY_PHASE_STRIP = NO;
				GCC_C_LANGUAGE_STANDARD = gnu99;
				GCC_DYNAMIC_NO_PIC = NO;
				GCC_OPTIMIZATION_LEVEL = 0;
				GCC_PREPROCESSOR_DEFINITIONS = (
					"DEBUG=1",
					"$(inherited)",
				);
				GCC_SYMBOLS_PRIVATE_EXTERN = NO;
				GCC_WARN_64_TO_32_BIT_CONVERSION = YES;
				GCC_WARN_ABOUT_RETURN_TYPE = YES_ERROR;
				GCC_WARN_UNDECLARED_SELECTOR = YES;
				GCC_WARN_UNINITIALIZED_AUTOS = YES_AGGRESSIVE;
				GCC_WARN_UNUSED_FUNCTION = YES;
				GCC_WARN_UNUSED_VARIABLE = YES;
				IPHONEOS_DEPLOYMENT_TARGET = 7.1;
				ONLY_ACTIVE_ARCH = YES;
				SDKROOT = iphoneos;
			};
			name = Debug;
		};
		7F669C96192181C100E649BB /* Release */ = {
			isa = XCBuildConfiguration;
			buildSettings = {
				ALWAYS_SEARCH_USER_PATHS = NO;
				CLANG_CXX_LANGUAGE_STANDARD = "gnu++0x";
				CLANG_CXX_LIBRARY = "libc++";
				CLANG_ENABLE_MODULES = YES;
				CLANG_ENABLE_OBJC_ARC = YES;
				CLANG_WARN_BOOL_CONVERSION = YES;
				CLANG_WARN_CONSTANT_CONVERSION = YES;
				CLANG_WARN_DIRECT_OBJC_ISA_USAGE = YES_ERROR;
				CLANG_WARN_EMPTY_BODY = YES;
				CLANG_WARN_ENUM_CONVERSION = YES;
				CLANG_WARN_INT_CONVERSION = YES;
				CLANG_WARN_OBJC_ROOT_CLASS = YES_ERROR;
				CLANG_WARN__DUPLICATE_METHOD_MATCH = YES;
				"CODE_SIGN_IDENTITY[sdk=iphoneos*]" = "iPhone Developer";
				COPY_PHASE_STRIP = YES;
				ENABLE_NS_ASSERTIONS = NO;
				GCC_C_LANGUAGE_STANDARD = gnu99;
				GCC_WARN_64_TO_32_BIT_CONVERSION = YES;
				GCC_WARN_ABOUT_RETURN_TYPE = YES_ERROR;
				GCC_WARN_UNDECLARED_SELECTOR = YES;
				GCC_WARN_UNINITIALIZED_AUTOS = YES_AGGRESSIVE;
				GCC_WARN_UNUSED_FUNCTION = YES;
				GCC_WARN_UNUSED_VARIABLE = YES;
				IPHONEOS_DEPLOYMENT_TARGET = 7.1;
				SDKROOT = iphoneos;
				VALIDATE_PRODUCT = YES;
			};
			name = Release;
		};
		7F669C98192181C100E649BB /* Debug */ = {
			isa = XCBuildConfiguration;
			buildSettings = {
				ASSETCATALOG_COMPILER_APPICON_NAME = AppIcon;
				ASSETCATALOG_COMPILER_LAUNCHIMAGE_NAME = LaunchImage;
				GCC_PRECOMPILE_PREFIX_HEADER = YES;
				GCC_PREFIX_HEADER = "mithu/mithu-Prefix.pch";
				INFOPLIST_FILE = "mithu/mithu-Info.plist";
				PRODUCT_NAME = "$(TARGET_NAME)";
				WRAPPER_EXTENSION = app;
			};
			name = Debug;
		};
		7F669C99192181C100E649BB /* Release */ = {
			isa = XCBuildConfiguration;
			buildSettings = {
				ASSETCATALOG_COMPILER_APPICON_NAME = AppIcon;
				ASSETCATALOG_COMPILER_LAUNCHIMAGE_NAME = LaunchImage;
				GCC_PRECOMPILE_PREFIX_HEADER = YES;
				GCC_PREFIX_HEADER = "mithu/mithu-Prefix.pch";
				INFOPLIST_FILE = "mithu/mithu-Info.plist";
				PRODUCT_NAME = "$(TARGET_NAME)";
				WRAPPER_EXTENSION = app;
			};
			name = Release;
		};
		7F669C9B192181C100E649BB /* Debug */ = {
			isa = XCBuildConfiguration;
			buildSettings = {
				BUNDLE_LOADER = "$(BUILT_PRODUCTS_DIR)/mithu.app/mithu";
				FRAMEWORK_SEARCH_PATHS = (
					"$(SDKROOT)/Developer/Library/Frameworks",
					"$(inherited)",
					"$(DEVELOPER_FRAMEWORKS_DIR)",
				);
				GCC_PRECOMPILE_PREFIX_HEADER = YES;
				GCC_PREFIX_HEADER = "mithu/mithu-Prefix.pch";
				GCC_PREPROCESSOR_DEFINITIONS = (
					"DEBUG=1",
					"$(inherited)",
				);
				INFOPLIST_FILE = "mithuTests/mithuTests-Info.plist";
				PRODUCT_NAME = "$(TARGET_NAME)";
				TEST_HOST = "$(BUNDLE_LOADER)";
				WRAPPER_EXTENSION = xctest;
			};
			name = Debug;
		};
		7F669C9C192181C100E649BB /* Release */ = {
			isa = XCBuildConfiguration;
			buildSettings = {
				BUNDLE_LOADER = "$(BUILT_PRODUCTS_DIR)/mithu.app/mithu";
				FRAMEWORK_SEARCH_PATHS = (
					"$(SDKROOT)/Developer/Library/Frameworks",
					"$(inherited)",
					"$(DEVELOPER_FRAMEWORKS_DIR)",
				);
				GCC_PRECOMPILE_PREFIX_HEADER = YES;
				GCC_PREFIX_HEADER = "mithu/mithu-Prefix.pch";
				INFOPLIST_FILE = "mithuTests/mithuTests-Info.plist";
				PRODUCT_NAME = "$(TARGET_NAME)";
				TEST_HOST = "$(BUNDLE_LOADER)";
				WRAPPER_EXTENSION = xctest;
			};
			name = Release;
		};
/* End XCBuildConfiguration section */

/* Begin XCConfigurationList section */
		7F669C5D192181C000E649BB /* Build configuration list for PBXProject "mithu" */ = {
			isa = XCConfigurationList;
			buildConfigurations = (
				7F669C95192181C100E649BB /* Debug */,
				7F669C96192181C100E649BB /* Release */,
			);
			defaultConfigurationIsVisible = 0;
			defaultConfigurationName = Release;
		};
		7F669C97192181C100E649BB /* Build configuration list for PBXNativeTarget "mithu" */ = {
			isa = XCConfigurationList;
			buildConfigurations = (
				7F669C98192181C100E649BB /* Debug */,
				7F669C99192181C100E649BB /* Release */,
			);
			defaultConfigurationIsVisible = 0;
		};
		7F669C9A192181C100E649BB /* Build configuration list for PBXNativeTarget "mithuTests" */ = {
			isa = XCConfigurationList;
			buildConfigurations = (
				7F669C9B192181C100E649BB /* Debug */,
				7F669C9C192181C100E649BB /* Release */,
			);
			defaultConfigurationIsVisible = 0;
		};
/* End XCConfigurationList section */
	};
	rootObject = 7F669C5A192181C000E649BB /* Project object */;
}
